
Microsoft Visual Studio Solution File, Format Version 12.00
# Visual Studio 15
VisualStudioVersion = 15.0.28307.1684
MinimumVisualStudioVersion = 10.0.40219.1
Project("{8BC9CEB8-8B4A-11D0-8D11-00A0C91BC942}") = "ffmpeg-input", "ffmpeg-input\ffmpeg-input.vc15.vcxproj", "{E13F8066-A933-45CC-8F97-7AEA96A72748}"
EndProject
Project("{8BC9CEB8-8B4A-11D0-8D11-00A0C91BC942}") = "ffmpeg-output", "ffmpeg-output\ffmpeg-output.vc15.vcxproj", "{F03CD7F1-4CC1-4F1E-BC42-D6897219035D}"
EndProject
Project("{8BC9CEB8-8B4A-11D0-8D11-00A0C91BC942}") = "sdl-renderer", "sdl-renderer\sdl-renderer.vc15.vcxproj", "{B3FC3B91-1150-4599-B2BB-7C1F99F9DA00}"
EndProject
Project("{8BC9CEB8-8B4A-11D0-8D11-00A0C91BC942}") = "sdl-mixer", "sdl-mixer\sdl-mixer.vc15.vcxproj", "{EC9E04B3-6D7F-4968-8B1F-2BEA2814AF8A}"
EndProject
Global
	GlobalSection(SolutionConfigurationPlatforms) = preSolution
		Debug|x64 = Debug|x64
		Debug|x86 = Debug|x86
		Release|x64 = Release|x64
		Release|x86 = Release|x86
	EndGlobalSection
	GlobalSection(ProjectConfigurationPlatforms) = postSolution
		{E13F8066-A933-45CC-8F97-7AEA96A72748}.Debug|x64.ActiveCfg = Debug|x64
		{E13F8066-A933-45CC-8F97-7AEA96A72748}.Debug|x64.Build.0 = Debug|x64
		{E13F8066-A933-45CC-8F97-7AEA96A72748}.Debug|x86.ActiveCfg = Debug|Win32
		{E13F8066-A933-45CC-8F97-7AEA96A72748}.Debug|x86.Build.0 = Debug|Win32
		{E13F8066-A933-45CC-8F97-7AEA96A72748}.Release|x64.ActiveCfg = Release|x64
		{E13F8066-A933-45CC-8F97-7AEA96A72748}.Release|x64.Build.0 = Release|x64
		{E13F8066-A933-45CC-8F97-7AEA96A72748}.Release|x86.ActiveCfg = Release|Win32
		{E13F8066-A933-45CC-8F97-7AEA96A72748}.Release|x86.Build.0 = Release|Win32
		{F03CD7F1-4CC1-4F1E-BC42-D6897219035D}.Debug|x64.ActiveCfg = Debug|x64
		{F03CD7F1-4CC1-4F1E-BC42-D6897219035D}.Debug|x64.Build.0 = Debug|x64
		{F03CD7F1-4CC1-4F1E-BC42-D6897219035D}.Debug|x86.ActiveCfg = Debug|Win32
		{F03CD7F1-4CC1-4F1E-BC42-D6897219035D}.Debug|x86.Build.0 = Debug|Win32
		{F03CD7F1-4CC1-4F1E-BC42-D6897219035D}.Release|x64.ActiveCfg = Release|x64
		{F03CD7F1-4CC1-4F1E-BC42-D6897219035D}.Release|x64.Build.0 = Release|x64
		{F03CD7F1-4CC1-4F1E-BC42-D6897219035D}.Release|x86.ActiveCfg = Release|Win32
		{F03CD7F1-4CC1-4F1E-BC42-D6897219035D}.Release|x86.Build.0 = Release|Win32
		{B3FC3B91-1150-4599-B2BB-7C1F99F9DA00}.Debug|x64.ActiveCfg = Debug|x64
		{B3FC3B91-1150-4599-B2BB-7C1F99F9DA00}.Debug|x64.Build.0 = Debug|x64
		{B3FC3B91-1150-4599-B2BB-7C1F99F9DA00}.Debug|x86.ActiveCfg = Debug|Win32
		{B3FC3B91-1150-4599-B2BB-7C1F99F9DA00}.Debug|x86.Build.0 = Debug|Win32
		{B3FC3B91-1150-4599-B2BB-7C1F99F9DA00}.Release|x64.ActiveCfg = Release|x64
		{B3FC3B91-1150-4599-B2BB-7C1F99F9DA00}.Release|x64.Build.0 = Release|x64
		{B3FC3B91-1150-4599-B2BB-7C1F99F9DA00}.Release|x86.ActiveCfg = Release|Win32
		{B3FC3B91-1150-4599-B2BB-7C1F99F9DA00}.Release|x86.Build.0 = Release|Win32
		{EC9E04B3-6D7F-4968-8B1F-2BEA2814AF8A}.Debug|x64.ActiveCfg = Debug|x64
		{EC9E04B3-6D7F-4968-8B1F-2BEA2814AF8A}.Debug|x64.Build.0 = Debug|x64
		{EC9E04B3-6D7F-4968-8B1F-2BEA2814AF8A}.Debug|x86.ActiveCfg = Debug|Win32
		{EC9E04B3-6D7F-4968-8B1F-2BEA2814AF8A}.Debug|x86.Build.0 = Debug|Win32
		{EC9E04B3-6D7F-4968-8B1F-2BEA2814AF8A}.Release|x64.ActiveCfg = Release|x64
		{EC9E04B3-6D7F-4968-8B1F-2BEA2814AF8A}.Release|x64.Build.0 = Release|x64
		{EC9E04B3-6D7F-4968-8B1F-2BEA2814AF8A}.Release|x86.ActiveCfg = Release|Win32
		{EC9E04B3-6D7F-4968-8B1F-2BEA2814AF8A}.Release|x86.Build.0 = Release|Win32
	EndGlobalSection
	GlobalSection(SolutionProperties) = preSolution
		HideSolutionNode = FALSE
	EndGlobalSection
	GlobalSection(ExtensibilityGlobals) = postSolution
		SolutionGuid = {B242EAAE-A4A5-46F4-A515-59E1A6009899}
	EndGlobalSection
EndGlobal
